# This file is automatically @generated by Poetry 1.6.1 and should not be changed by hand.

[[package]]
name = "certifi"
version = "2024.7.4"
description = "Python package for providing Mozilla's CA Bundle."
optional = false
python-versions = ">=3.6"
files = [
    {file = "certifi-2024.7.4-py3-none-any.whl", hash = "sha256:c198e21b1289c2ab85ee4e67bb4b4ef3ead0892059901a8d5b622f24a1101e90"},
    {file = "certifi-2024.7.4.tar.gz", hash = "sha256:5a1e7645bc0ec61a09e26c36f6106dd4cf40c6db3a1fb6352b0244e7fb057c7b"},
]

[[package]]
name = "cftime"
version = "1.6.4"
description = "Time-handling functionality from netcdf4-python"
optional = false
python-versions = ">=3.8"
files = [
    {file = "cftime-1.6.4-cp310-cp310-macosx_10_9_x86_64.whl", hash = "sha256:ee70074df4bae0d9ee98f201cf5f11fd302791cf1cdeb73c34f685d6b632e17d"},
    {file = "cftime-1.6.4-cp310-cp310-macosx_11_0_arm64.whl", hash = "sha256:e5456fd58d4cc6b8d7b4932b749617ee142b62a52bc5d8e3c282ce69ce3a20ba"},
    {file = "cftime-1.6.4-cp310-cp310-manylinux_2_17_aarch64.manylinux2014_aarch64.whl", hash = "sha256:1289e08617be350a6b26c6e4352a0cb088625ac33d25e95110df549c26d6ab8e"},
    {file = "cftime-1.6.4-cp310-cp310-manylinux_2_17_x86_64.manylinux2014_x86_64.whl", hash = "sha256:18b132d9225b4a109929866200846c72302316db9069e2de3ec8d8ec377f567f"},
    {file = "cftime-1.6.4-cp310-cp310-musllinux_1_2_x86_64.whl", hash = "sha256:ca1a264570e68fbb611bba251641b8efd0cf88c0ad2dcab5fa784df264232b75"},
    {file = "cftime-1.6.4-cp310-cp310-win_amd64.whl", hash = "sha256:6fc82928cbf477bebf233f41914e64bff7b9e894c7f0c34170784a48250f8da7"},
    {file = "cftime-1.6.4-cp311-cp311-macosx_10_9_x86_64.whl", hash = "sha256:c1558d9b477bd29626cd8bfc89e736635f72887d1a993e2834ab579bba7abb8c"},
    {file = "cftime-1.6.4-cp311-cp311-macosx_11_0_arm64.whl", hash = "sha256:03494e7b66a2fbb6b04e364ab67185130dee0ced660abac5c1559070571d143d"},
    {file = "cftime-1.6.4-cp311-cp311-manylinux_2_17_aarch64.manylinux2014_aarch64.whl", hash = "sha256:4dcb2a01d4e614437582af33b36db4fb441b7666758482864827a1f037d2b639"},
    {file = "cftime-1.6.4-cp311-cp311-manylinux_2_17_x86_64.manylinux2014_x86_64.whl", hash = "sha256:0b47bf25195fb3889bbae34df0e80957eb69c48f66902f5d538c7a8ec34253f6"},
    {file = "cftime-1.6.4-cp311-cp311-musllinux_1_2_x86_64.whl", hash = "sha256:d4f2cc0d5c6ffba9c5b0fd1ecd0c7c1c426d0be7b8de1480e2a9fb857c1905e9"},
    {file = "cftime-1.6.4-cp311-cp311-win_amd64.whl", hash = "sha256:76b8f1e5d1e424accdf760a43e0a1793a7b640bab83cb067273d5c9dbb336c44"},
    {file = "cftime-1.6.4-cp312-cp312-macosx_10_9_x86_64.whl", hash = "sha256:3c349a91fa7ac9ec50118b04a8746bdea967bd2fc525d87c776003040b8d3392"},
    {file = "cftime-1.6.4-cp312-cp312-macosx_11_0_arm64.whl", hash = "sha256:588d073400798adc24ece759cd1cb24ef730f55d1f70e31a898e7686f9d763d8"},
    {file = "cftime-1.6.4-cp312-cp312-manylinux_2_17_aarch64.manylinux2014_aarch64.whl", hash = "sha256:6e07b91b488570573bbeb6f815656a8974d13d15b2279c82de2927f4f692bbcd"},
    {file = "cftime-1.6.4-cp312-cp312-manylinux_2_17_x86_64.manylinux2014_x86_64.whl", hash = "sha256:f92f2e405eeda47b30ab6231d8b7d136a55f21034d394f93ade322d356948654"},
    {file = "cftime-1.6.4-cp312-cp312-musllinux_1_2_x86_64.whl", hash = "sha256:567574df94d0de1101bb5da76e7fbc6eabfddeeb2eb8cf83286b3599a136bbf7"},
    {file = "cftime-1.6.4-cp312-cp312-win_amd64.whl", hash = "sha256:5b5ad7559a16bedadb66af8e417b6805f758acb57aa38d2730844dfc63a1e667"},
    {file = "cftime-1.6.4-cp38-cp38-macosx_10_9_x86_64.whl", hash = "sha256:c072fe9e09925af66a9473edf5752ca1890ba752e7c1935d1f0245ad48f0977c"},
    {file = "cftime-1.6.4-cp38-cp38-macosx_11_0_arm64.whl", hash = "sha256:c05a71389f53d6340cb365b60f028c08268c72401660b9ef76108dee9f1cb5b2"},
    {file = "cftime-1.6.4-cp38-cp38-manylinux_2_17_aarch64.manylinux2014_aarch64.whl", hash = "sha256:0edeb1cb019d8155b2513cffb96749c0d7d459370e69bdf03077e0bee214aed8"},
    {file = "cftime-1.6.4-cp38-cp38-manylinux_2_17_x86_64.manylinux2014_x86_64.whl", hash = "sha256:a8f05d5d6bb4137f9783fa61ad330030fcea8dcc6946dea69a27774edbe480e7"},
    {file = "cftime-1.6.4-cp38-cp38-win_amd64.whl", hash = "sha256:b32ac1278a2a111b066d5a1e6e5ce6f38c4c505993a6a3130873b56f99d7b56f"},
    {file = "cftime-1.6.4-cp39-cp39-macosx_10_9_x86_64.whl", hash = "sha256:c20f03e12af39534c3450bba376272803bfb850b5ce6433c839bfaa99f8d835a"},
    {file = "cftime-1.6.4-cp39-cp39-macosx_11_0_arm64.whl", hash = "sha256:90609b3c1a31a756a68ecdbc961a4ce0b22c1620f166c8dabfa3a4c337ac8b9e"},
    {file = "cftime-1.6.4-cp39-cp39-manylinux_2_17_aarch64.manylinux2014_aarch64.whl", hash = "sha256:bbe11ad73b2a0ddc79995da21459fc2a3fd6b1593ca73f00a60e4d81c3e230f3"},
    {file = "cftime-1.6.4-cp39-cp39-manylinux_2_17_x86_64.manylinux2014_x86_64.whl", hash = "sha256:25f043703e785de0bd7cd8222c0a53317e9aeb3dfc062588b05e6f3ebb007468"},
    {file = "cftime-1.6.4-cp39-cp39-musllinux_1_2_x86_64.whl", hash = "sha256:f9acc272df1022f24fe7dbe9de43fa5d8271985161df14549e4d8d28c90dc9ea"},
    {file = "cftime-1.6.4-cp39-cp39-win_amd64.whl", hash = "sha256:e8467b6fbf8dbfe0be8c04d61180765fdd3b9ab0fe51313a0bbf87e63634a3d8"},
    {file = "cftime-1.6.4.tar.gz", hash = "sha256:e325406193758a7ed67308deb52e727782a19e384e183378e7ff62098be0aedc"},
]

[package.dependencies]
numpy = [
    {version = ">1.13.3", markers = "python_version < \"3.12.0.rc1\""},
    {version = ">=1.26.0b1", markers = "python_version >= \"3.12.0.rc1\""},
]

[[package]]
name = "colorama"
version = "0.4.6"
description = "Cross-platform colored terminal text."
optional = false
python-versions = "!=3.0.*,!=3.1.*,!=3.2.*,!=3.3.*,!=3.4.*,!=3.5.*,!=3.6.*,>=2.7"
files = [
    {file = "colorama-0.4.6-py2.py3-none-any.whl", hash = "sha256:4f1d9991f5acc0ca119f9d443620b77f9d6b33703e51011c16baf57afb285fc6"},
    {file = "colorama-0.4.6.tar.gz", hash = "sha256:08695f5cb7ed6e0531a20572697297273c47b8cae5a63ffc6d6ed5c201be6e44"},
]

[[package]]
name = "netcdf4"
version = "1.7.1.post1"
description = "Provides an object-oriented python interface to the netCDF version 4 library"
optional = false
python-versions = ">=3.8"
files = [
    {file = "netCDF4-1.7.1.post1-cp310-cp310-macosx_11_0_x86_64.whl", hash = "sha256:5abdc8ab27bcb11325547841311717a0ba8f5b73a5fc5e93b933bc23285d0c03"},
    {file = "netCDF4-1.7.1.post1-cp310-cp310-macosx_14_0_arm64.whl", hash = "sha256:33f5d66ee9cedf43d3932d0e5447eb471f9c53332f93476133b4bfc6b682f790"},
    {file = "netCDF4-1.7.1.post1-cp310-cp310-manylinux_2_17_aarch64.manylinux2014_aarch64.whl", hash = "sha256:d649fad9d1f63e25a191576c7de158c8c3afa8d4b4001e8683e20da90b49b939"},
    {file = "netCDF4-1.7.1.post1-cp310-cp310-manylinux_2_17_x86_64.manylinux2014_x86_64.whl", hash = "sha256:860222bc57bbc714e55705f263162be2c935129dcb700a944bda61aee785ff03"},
    {file = "netCDF4-1.7.1.post1-cp310-cp310-win_amd64.whl", hash = "sha256:d5420155ca6c768c070922d80acd9f4088a913afd25a9fd2f429e7af626374eb"},
    {file = "netCDF4-1.7.1.post1-cp311-cp311-macosx_11_0_x86_64.whl", hash = "sha256:a8d3209516aa8c58d70863ab1059af4ec82ef8ecb1c6b8cb4842d7825a6f64da"},
    {file = "netCDF4-1.7.1.post1-cp311-cp311-macosx_14_0_arm64.whl", hash = "sha256:7a10da9b60d3358876d53a0cd691d2c900c2b39903bf25ad5235fd321d59eb2f"},
    {file = "netCDF4-1.7.1.post1-cp311-cp311-manylinux_2_17_aarch64.manylinux2014_aarch64.whl", hash = "sha256:30ac99e03d6e28419b206444fd6dc80a5e21d0ae8e53ff37d756fbc16c5d3775"},
    {file = "netCDF4-1.7.1.post1-cp311-cp311-manylinux_2_17_x86_64.manylinux2014_x86_64.whl", hash = "sha256:e15f3afa4e6910fc158a318ea73fdc6f9e41058c71bf98a99fd63994334d16b0"},
    {file = "netCDF4-1.7.1.post1-cp311-cp311-win_amd64.whl", hash = "sha256:115160fc8e09333754542c33d721d42625a7bd62381a74f2f759297e3e38810b"},
    {file = "netCDF4-1.7.1.post1-cp312-cp312-macosx_11_0_x86_64.whl", hash = "sha256:75bba24ef0354fb6913bc3acdcb3790534e86bf329bbeaaf54122b18e5fd05ea"},
    {file = "netCDF4-1.7.1.post1-cp312-cp312-macosx_14_0_arm64.whl", hash = "sha256:ce7f89b98dbb3acd9582db30e6478ce7a7003b2cb70dc20d85fe9506e65ab001"},
    {file = "netCDF4-1.7.1.post1-cp312-cp312-manylinux_2_17_aarch64.manylinux2014_aarch64.whl", hash = "sha256:ac4e30a0d5a8e227d6a890502cfa201388acf606c0c73a5a7594232f3a74e67e"},
    {file = "netCDF4-1.7.1.post1-cp312-cp312-manylinux_2_17_x86_64.manylinux2014_x86_64.whl", hash = "sha256:988c45f9122337a12267fb158953c0609e3ea50a557335a3105f104416a4821a"},
    {file = "netCDF4-1.7.1.post1-cp312-cp312-win_amd64.whl", hash = "sha256:8fb3ed3541fa1b5b46e9d92d7e803734a1a3f37d8f5adf5fdf7957c7750cb20e"},
    {file = "netCDF4-1.7.1.post1-cp38-cp38-macosx_11_0_x86_64.whl", hash = "sha256:a4d05cc4c3628a7b88d623cb1a02908100a4938335a0289fa79c19016c21d7f9"},
    {file = "netCDF4-1.7.1.post1-cp38-cp38-macosx_14_0_arm64.whl", hash = "sha256:3a9ba8dc93f3d9019db921e42d40fa6791e7e244f3bb3a874bf2bfb96aea7380"},
    {file = "netCDF4-1.7.1.post1-cp38-cp38-manylinux_2_17_aarch64.manylinux2014_aarch64.whl", hash = "sha256:fbbca82a822ba74b605254f7a267d258f13d67f8a4156a09e26322bfa002a82d"},
    {file = "netCDF4-1.7.1.post1-cp38-cp38-manylinux_2_17_x86_64.manylinux2014_x86_64.whl", hash = "sha256:1a09da245f4784421fb4d5740dae0367cdbb270d0a931a33474ec17a9433314d"},
    {file = "netCDF4-1.7.1.post1-cp39-cp39-macosx_11_0_x86_64.whl", hash = "sha256:fdcec3a3150f9248e76301ad723f51955efc770edf015dfb61a6480cc7c04a70"},
    {file = "netCDF4-1.7.1.post1-cp39-cp39-macosx_14_0_arm64.whl", hash = "sha256:0fed0eb65a7751a99a0cee08c6df383737d46d17c73cabae81d113f1b4fa3643"},
    {file = "netCDF4-1.7.1.post1-cp39-cp39-manylinux_2_17_aarch64.manylinux2014_aarch64.whl", hash = "sha256:daa6169fe6617a4612cb75a8ef61ee14011a012633ad1ace1b629a1ff87bf5cf"},
    {file = "netCDF4-1.7.1.post1-cp39-cp39-manylinux_2_17_x86_64.manylinux2014_x86_64.whl", hash = "sha256:dcad21e965978cc5530131bd7e73dcabe7dda1f681f9e4ebf940a65a176d25fe"},
    {file = "netCDF4-1.7.1.post1-cp39-cp39-win_amd64.whl", hash = "sha256:f24027ae19b68cc1274aad8b00d6d81879d506ddca011a080dff2117014398b9"},
    {file = "netcdf4-1.7.1.post1.tar.gz", hash = "sha256:797f0b25d87827fc6821e415d9e15a2068604b18c3be62563e72682bcba76548"},
]

[package.dependencies]
certifi = "*"
cftime = "*"
numpy = "*"

[package.extras]
tests = ["Cython", "packaging", "pytest"]

[[package]]
name = "numpy"
version = "2.0.0"
description = "Fundamental package for array computing in Python"
optional = false
python-versions = ">=3.9"
files = [
    {file = "numpy-2.0.0-cp310-cp310-macosx_10_9_x86_64.whl", hash = "sha256:04494f6ec467ccb5369d1808570ae55f6ed9b5809d7f035059000a37b8d7e86f"},
    {file = "numpy-2.0.0-cp310-cp310-macosx_11_0_arm64.whl", hash = "sha256:2635dbd200c2d6faf2ef9a0d04f0ecc6b13b3cad54f7c67c61155138835515d2"},
    {file = "numpy-2.0.0-cp310-cp310-macosx_14_0_arm64.whl", hash = "sha256:0a43f0974d501842866cc83471bdb0116ba0dffdbaac33ec05e6afed5b615238"},
    {file = "numpy-2.0.0-cp310-cp310-macosx_14_0_x86_64.whl", hash = "sha256:8d83bb187fb647643bd56e1ae43f273c7f4dbcdf94550d7938cfc32566756514"},
    {file = "numpy-2.0.0-cp310-cp310-manylinux_2_17_aarch64.manylinux2014_aarch64.whl", hash = "sha256:79e843d186c8fb1b102bef3e2bc35ef81160ffef3194646a7fdd6a73c6b97196"},
    {file = "numpy-2.0.0-cp310-cp310-manylinux_2_17_x86_64.manylinux2014_x86_64.whl", hash = "sha256:6d7696c615765091cc5093f76fd1fa069870304beaccfd58b5dcc69e55ef49c1"},
    {file = "numpy-2.0.0-cp310-cp310-musllinux_1_1_x86_64.whl", hash = "sha256:b4c76e3d4c56f145d41b7b6751255feefae92edbc9a61e1758a98204200f30fc"},
    {file = "numpy-2.0.0-cp310-cp310-musllinux_1_2_aarch64.whl", hash = "sha256:acd3a644e4807e73b4e1867b769fbf1ce8c5d80e7caaef0d90dcdc640dfc9787"},
    {file = "numpy-2.0.0-cp310-cp310-win32.whl", hash = "sha256:cee6cc0584f71adefe2c908856ccc98702baf95ff80092e4ca46061538a2ba98"},
    {file = "numpy-2.0.0-cp310-cp310-win_amd64.whl", hash = "sha256:ed08d2703b5972ec736451b818c2eb9da80d66c3e84aed1deeb0c345fefe461b"},
    {file = "numpy-2.0.0-cp311-cp311-macosx_10_9_x86_64.whl", hash = "sha256:ad0c86f3455fbd0de6c31a3056eb822fc939f81b1618f10ff3406971893b62a5"},
    {file = "numpy-2.0.0-cp311-cp311-macosx_11_0_arm64.whl", hash = "sha256:e7f387600d424f91576af20518334df3d97bc76a300a755f9a8d6e4f5cadd289"},
    {file = "numpy-2.0.0-cp311-cp311-macosx_14_0_arm64.whl", hash = "sha256:34f003cb88b1ba38cb9a9a4a3161c1604973d7f9d5552c38bc2f04f829536609"},
    {file = "numpy-2.0.0-cp311-cp311-macosx_14_0_x86_64.whl", hash = "sha256:b6f6a8f45d0313db07d6d1d37bd0b112f887e1369758a5419c0370ba915b3871"},
    {file = "numpy-2.0.0-cp311-cp311-manylinux_2_17_aarch64.manylinux2014_aarch64.whl", hash = "sha256:5f64641b42b2429f56ee08b4f427a4d2daf916ec59686061de751a55aafa22e4"},
    {file = "numpy-2.0.0-cp311-cp311-manylinux_2_17_x86_64.manylinux2014_x86_64.whl", hash = "sha256:a7039a136017eaa92c1848152827e1424701532ca8e8967fe480fe1569dae581"},
    {file = "numpy-2.0.0-cp311-cp311-musllinux_1_1_x86_64.whl", hash = "sha256:46e161722e0f619749d1cd892167039015b2c2817296104487cd03ed4a955995"},
    {file = "numpy-2.0.0-cp311-cp311-musllinux_1_2_aarch64.whl", hash = "sha256:0e50842b2295ba8414c8c1d9d957083d5dfe9e16828b37de883f51fc53c4016f"},
    {file = "numpy-2.0.0-cp311-cp311-win32.whl", hash = "sha256:2ce46fd0b8a0c947ae047d222f7136fc4d55538741373107574271bc00e20e8f"},
    {file = "numpy-2.0.0-cp311-cp311-win_amd64.whl", hash = "sha256:fbd6acc766814ea6443628f4e6751d0da6593dae29c08c0b2606164db026970c"},
    {file = "numpy-2.0.0-cp312-cp312-macosx_10_9_x86_64.whl", hash = "sha256:354f373279768fa5a584bac997de6a6c9bc535c482592d7a813bb0c09be6c76f"},
    {file = "numpy-2.0.0-cp312-cp312-macosx_11_0_arm64.whl", hash = "sha256:4d2f62e55a4cd9c58c1d9a1c9edaedcd857a73cb6fda875bf79093f9d9086f85"},
    {file = "numpy-2.0.0-cp312-cp312-macosx_14_0_arm64.whl", hash = "sha256:1e72728e7501a450288fc8e1f9ebc73d90cfd4671ebbd631f3e7857c39bd16f2"},
    {file = "numpy-2.0.0-cp312-cp312-macosx_14_0_x86_64.whl", hash = "sha256:84554fc53daa8f6abf8e8a66e076aff6ece62de68523d9f665f32d2fc50fd66e"},
    {file = "numpy-2.0.0-cp312-cp312-manylinux_2_17_aarch64.manylinux2014_aarch64.whl", hash = "sha256:c73aafd1afca80afecb22718f8700b40ac7cab927b8abab3c3e337d70e10e5a2"},
    {file = "numpy-2.0.0-cp312-cp312-manylinux_2_17_x86_64.manylinux2014_x86_64.whl", hash = "sha256:49d9f7d256fbc804391a7f72d4a617302b1afac1112fac19b6c6cec63fe7fe8a"},
    {file = "numpy-2.0.0-cp312-cp312-musllinux_1_1_x86_64.whl", hash = "sha256:0ec84b9ba0654f3b962802edc91424331f423dcf5d5f926676e0150789cb3d95"},
    {file = "numpy-2.0.0-cp312-cp312-musllinux_1_2_aarch64.whl", hash = "sha256:feff59f27338135776f6d4e2ec7aeeac5d5f7a08a83e80869121ef8164b74af9"},
    {file = "numpy-2.0.0-cp312-cp312-win32.whl", hash = "sha256:c5a59996dc61835133b56a32ebe4ef3740ea5bc19b3983ac60cc32be5a665d54"},
    {file = "numpy-2.0.0-cp312-cp312-win_amd64.whl", hash = "sha256:a356364941fb0593bb899a1076b92dfa2029f6f5b8ba88a14fd0984aaf76d0df"},
    {file = "numpy-2.0.0-cp39-cp39-macosx_10_9_x86_64.whl", hash = "sha256:e61155fae27570692ad1d327e81c6cf27d535a5d7ef97648a17d922224b216de"},
    {file = "numpy-2.0.0-cp39-cp39-macosx_11_0_arm64.whl", hash = "sha256:4554eb96f0fd263041baf16cf0881b3f5dafae7a59b1049acb9540c4d57bc8cb"},
    {file = "numpy-2.0.0-cp39-cp39-macosx_14_0_arm64.whl", hash = "sha256:903703372d46bce88b6920a0cd86c3ad82dae2dbef157b5fc01b70ea1cfc430f"},
    {file = "numpy-2.0.0-cp39-cp39-macosx_14_0_x86_64.whl", hash = "sha256:3e8e01233d57639b2e30966c63d36fcea099d17c53bf424d77f088b0f4babd86"},
    {file = "numpy-2.0.0-cp39-cp39-manylinux_2_17_aarch64.manylinux2014_aarch64.whl", hash = "sha256:1cde1753efe513705a0c6d28f5884e22bdc30438bf0085c5c486cdaff40cd67a"},
    {file = "numpy-2.0.0-cp39-cp39-manylinux_2_17_x86_64.manylinux2014_x86_64.whl", hash = "sha256:821eedb7165ead9eebdb569986968b541f9908979c2da8a4967ecac4439bae3d"},
    {file = "numpy-2.0.0-cp39-cp39-musllinux_1_1_x86_64.whl", hash = "sha256:9a1712c015831da583b21c5bfe15e8684137097969c6d22e8316ba66b5baabe4"},
    {file = "numpy-2.0.0-cp39-cp39-musllinux_1_2_aarch64.whl", hash = "sha256:9c27f0946a3536403efb0e1c28def1ae6730a72cd0d5878db38824855e3afc44"},
    {file = "numpy-2.0.0-cp39-cp39-win32.whl", hash = "sha256:63b92c512d9dbcc37f9d81b123dec99fdb318ba38c8059afc78086fe73820275"},
    {file = "numpy-2.0.0-cp39-cp39-win_amd64.whl", hash = "sha256:3f6bed7f840d44c08ebdb73b1825282b801799e325bcbdfa6bc5c370e5aecc65"},
    {file = "numpy-2.0.0-pp39-pypy39_pp73-macosx_10_9_x86_64.whl", hash = "sha256:9416a5c2e92ace094e9f0082c5fd473502c91651fb896bc17690d6fc475128d6"},
    {file = "numpy-2.0.0-pp39-pypy39_pp73-macosx_14_0_x86_64.whl", hash = "sha256:17067d097ed036636fa79f6a869ac26df7db1ba22039d962422506640314933a"},
    {file = "numpy-2.0.0-pp39-pypy39_pp73-manylinux_2_17_x86_64.manylinux2014_x86_64.whl", hash = "sha256:38ecb5b0582cd125f67a629072fed6f83562d9dd04d7e03256c9829bdec027ad"},
    {file = "numpy-2.0.0-pp39-pypy39_pp73-win_amd64.whl", hash = "sha256:cef04d068f5fb0518a77857953193b6bb94809a806bd0a14983a8f12ada060c9"},
    {file = "numpy-2.0.0.tar.gz", hash = "sha256:cf5d1c9e6837f8af9f92b6bd3e86d513cdc11f60fd62185cc49ec7d1aba34864"},
]

[[package]]
name = "pyfiglet"
version = "1.0.2"
description = "Pure-python FIGlet implementation"
optional = false
python-versions = ">=3.9"
files = [
    {file = "pyfiglet-1.0.2-py3-none-any.whl", hash = "sha256:889b351d79c99e50a3f619c8f8e6ffdb27fd8c939fc43ecbd7559bd57d5f93ea"},
    {file = "pyfiglet-1.0.2.tar.gz", hash = "sha256:758788018ab8faaddc0984e1ea05ff330d3c64be663c513cc1f105f6a3066dab"},
]

[[package]]
name = "python-dateutil"
version = "2.9.0.post0"
description = "Extensions to the standard Python datetime module"
optional = false
python-versions = "!=3.0.*,!=3.1.*,!=3.2.*,>=2.7"
files = [
    {file = "python-dateutil-2.9.0.post0.tar.gz", hash = "sha256:37dd54208da7e1cd875388217d5e00ebd4179249f90fb72437e91a35459a0ad3"},
    {file = "python_dateutil-2.9.0.post0-py2.py3-none-any.whl", hash = "sha256:a8b2bc7bffae282281c8140a97d3aa9c14da0b136dfe83f850eea9a5f7470427"},
]

[package.dependencies]
six = ">=1.5"

[[package]]
name = "six"
version = "1.16.0"
description = "Python 2 and 3 compatibility utilities"
optional = false
python-versions = ">=2.7, !=3.0.*, !=3.1.*, !=3.2.*"
files = [
    {file = "six-1.16.0-py2.py3-none-any.whl", hash = "sha256:8abb2f1d86890a2dfb989f9a77cfcfd3e47c2a354b01111771326f8aa26e0254"},
    {file = "six-1.16.0.tar.gz", hash = "sha256:1e61c37477a1626458e36f7b1d82aa5c9b094fa4802892072e49de9c60c4c926"},
]

[[package]]
name = "tqdm"
version = "4.66.4"
description = "Fast, Extensible Progress Meter"
optional = false
python-versions = ">=3.7"
files = [
    {file = "tqdm-4.66.4-py3-none-any.whl", hash = "sha256:b75ca56b413b030bc3f00af51fd2c1a1a5eac6a0c1cca83cbb37a5c52abce644"},
    {file = "tqdm-4.66.4.tar.gz", hash = "sha256:e4d936c9de8727928f3be6079590e97d9abfe8d39a590be678eb5919ffc186bb"},
]

[package.dependencies]
colorama = {version = "*", markers = "platform_system == \"Windows\""}

[package.extras]
dev = ["pytest (>=6)", "pytest-cov", "pytest-timeout", "pytest-xdist"]
notebook = ["ipywidgets (>=6)"]
slack = ["slack-sdk"]
telegram = ["requests"]

[metadata]
lock-version = "2.0"
python-versions = "^3.9"
content-hash = "42d918888d7b22410ea11e3e3c2c5dd0d7f032b9e0bf64926beae4d586980f87"
